// !$*UTF8*$!
{
	archiveVersion = 1;
	classes = {
	};
	objectVersion = 50;
	objects = {

/* Begin PBXBuildFile section */
		D419C35A269AB94300070EDA /* AppDelegate.swift in Sources */ = {isa = PBXBuildFile; fileRef = D419C359269AB94300070EDA /* AppDelegate.swift */; };
		D419C35C269AB94300070EDA /* SceneDelegate.swift in Sources */ = {isa = PBXBuildFile; fileRef = D419C35B269AB94300070EDA /* SceneDelegate.swift */; };
		D419C35E269AB94300070EDA /* ViewController.swift in Sources */ = {isa = PBXBuildFile; fileRef = D419C35D269AB94300070EDA /* ViewController.swift */; };
		D419C361269AB94300070EDA /* Main.storyboard in Resources */ = {isa = PBXBuildFile; fileRef = D419C35F269AB94300070EDA /* Main.storyboard */; };
		D419C363269AB94900070EDA /* Assets.xcassets in Resources */ = {isa = PBXBuildFile; fileRef = D419C362269AB94900070EDA /* Assets.xcassets */; };
		D419C366269AB94900070EDA /* LaunchScreen.storyboard in Resources */ = {isa = PBXBuildFile; fileRef = D419C364269AB94900070EDA /* LaunchScreen.storyboard */; };
		D419C371269AB94A00070EDA /* Quantity_MeasurementTests.swift in Sources */ = {isa = PBXBuildFile; fileRef = D419C370269AB94A00070EDA /* Quantity_MeasurementTests.swift */; };
		D419C37C269AB94A00070EDA /* Quantity_MeasurementUITests.swift in Sources */ = {isa = PBXBuildFile; fileRef = D419C37B269AB94A00070EDA /* Quantity_MeasurementUITests.swift */; };
/* End PBXBuildFile section */

/* Begin PBXContainerItemProxy section */
		D419C36D269AB94A00070EDA /* PBXContainerItemProxy */ = {
			isa = PBXContainerItemProxy;
			containerPortal = D419C34E269AB94300070EDA /* Project object */;
			proxyType = 1;
			remoteGlobalIDString = D419C355269AB94300070EDA;
			remoteInfo = "Quantity Measurement";
		};
		D419C378269AB94A00070EDA /* PBXContainerItemProxy */ = {
			isa = PBXContainerItemProxy;
			containerPortal = D419C34E269AB94300070EDA /* Project object */;
			proxyType = 1;
			remoteGlobalIDString = D419C355269AB94300070EDA;
			remoteInfo = "Quantity Measurement";
		};
/* End PBXContainerItemProxy section */

/* Begin PBXFileReference section */
		D419C356269AB94300070EDA /* Quantity Measurement.app */ = {isa = PBXFileReference; explicitFileType = wrapper.application; includeInIndex = 0; path = "Quantity Measurement.app"; sourceTree = BUILT_PRODUCTS_DIR; };
		D419C359269AB94300070EDA /* AppDelegate.swift */ = {isa = PBXFileReference; lastKnownFileType = sourcecode.swift; path = AppDelegate.swift; sourceTree = "<group>"; };
		D419C35B269AB94300070EDA /* SceneDelegate.swift */ = {isa = PBXFileReference; lastKnownFileType = sourcecode.swift; path = SceneDelegate.swift; sourceTree = "<group>"; };
		D419C35D269AB94300070EDA /* ViewController.swift */ = {isa = PBXFileReference; lastKnownFileType = sourcecode.swift; path = ViewController.swift; sourceTree = "<group>"; };
		D419C360269AB94300070EDA /* Base */ = {isa = PBXFileReference; lastKnownFileType = file.storyboard; name = Base; path = Base.lproj/Main.storyboard; sourceTree = "<group>"; };
		D419C362269AB94900070EDA /* Assets.xcassets */ = {isa = PBXFileReference; lastKnownFileType = folder.assetcatalog; path = Assets.xcassets; sourceTree = "<group>"; };
		D419C365269AB94900070EDA /* Base */ = {isa = PBXFileReference; lastKnownFileType = file.storyboard; name = Base; path = Base.lproj/LaunchScreen.storyboard; sourceTree = "<group>"; };
		D419C367269AB94900070EDA /* Info.plist */ = {isa = PBXFileReference; lastKnownFileType = text.plist.xml; path = Info.plist; sourceTree = "<group>"; };
		D419C36C269AB94A00070EDA /* Quantity MeasurementTests.xctest */ = {isa = PBXFileReference; explicitFileType = wrapper.cfbundle; includeInIndex = 0; path = "Quantity MeasurementTests.xctest"; sourceTree = BUILT_PRODUCTS_DIR; };
		D419C370269AB94A00070EDA /* Quantity_MeasurementTests.swift */ = {isa = PBXFileReference; lastKnownFileType = sourcecode.swift; path = Quantity_MeasurementTests.swift; sourceTree = "<group>"; };
		D419C372269AB94A00070EDA /* Info.plist */ = {isa = PBXFileReference; lastKnownFileType = text.plist.xml; path = Info.plist; sourceTree = "<group>"; };
		D419C377269AB94A00070EDA /* Quantity MeasurementUITests.xctest */ = {isa = PBXFileReference; explicitFileType = wrapper.cfbundle; includeInIndex = 0; path = "Quantity MeasurementUITests.xctest"; sourceTree = BUILT_PRODUCTS_DIR; };
		D419C37B269AB94A00070EDA /* Quantity_MeasurementUITests.swift */ = {isa = PBXFileReference; lastKnownFileType = sourcecode.swift; path = Quantity_MeasurementUITests.swift; sourceTree = "<group>"; };
		D419C37D269AB94A00070EDA /* Info.plist */ = {isa = PBXFileReference; lastKnownFileType = text.plist.xml; path = Info.plist; sourceTree = "<group>"; };
/* End PBXFileReference section */

/* Begin PBXFrameworksBuildPhase section */
		D419C353269AB94300070EDA /* Frameworks */ = {
			isa = PBXFrameworksBuildPhase;
			buildActionMask = 2147483647;
			files = (
			);
			runOnlyForDeploymentPostprocessing = 0;
		};
		D419C369269AB94A00070EDA /* Frameworks */ = {
			isa = PBXFrameworksBuildPhase;
			buildActionMask = 2147483647;
			files = (
			);
			runOnlyForDeploymentPostprocessing = 0;
		};
		D419C374269AB94A00070EDA /* Frameworks */ = {
			isa = PBXFrameworksBuildPhase;
			buildActionMask = 2147483647;
			files = (
			);
			runOnlyForDeploymentPostprocessing = 0;
		};
/* End PBXFrameworksBuildPhase section */

/* Begin PBXGroup section */
		D419C34D269AB94300070EDA = {
			isa = PBXGroup;
			children = (
				D419C358269AB94300070EDA /* Quantity Measurement */,
				D419C36F269AB94A00070EDA /* Quantity MeasurementTests */,
				D419C37A269AB94A00070EDA /* Quantity MeasurementUITests */,
				D419C357269AB94300070EDA /* Products */,
			);
			sourceTree = "<group>";
		};
		D419C357269AB94300070EDA /* Products */ = {
			isa = PBXGroup;
			children = (
				D419C356269AB94300070EDA /* Quantity Measurement.app */,
				D419C36C269AB94A00070EDA /* Quantity MeasurementTests.xctest */,
				D419C377269AB94A00070EDA /* Quantity MeasurementUITests.xctest */,
			);
			name = Products;
			sourceTree = "<group>";
		};
		D419C358269AB94300070EDA /* Quantity Measurement */ = {
			isa = PBXGroup;
			children = (
				D419C359269AB94300070EDA /* AppDelegate.swift */,
				D419C35B269AB94300070EDA /* SceneDelegate.swift */,
				D419C35D269AB94300070EDA /* ViewController.swift */,
				D419C35F269AB94300070EDA /* Main.storyboard */,
				D419C362269AB94900070EDA /* Assets.xcassets */,
				D419C364269AB94900070EDA /* LaunchScreen.storyboard */,
				D419C367269AB94900070EDA /* Info.plist */,
			);
			path = "Quantity Measurement";
			sourceTree = "<group>";
		};
		D419C36F269AB94A00070EDA /* Quantity MeasurementTests */ = {
			isa = PBXGroup;
			children = (
				D419C370269AB94A00070EDA /* Quantity_MeasurementTests.swift */,
				D419C372269AB94A00070EDA /* Info.plist */,
			);
			path = "Quantity MeasurementTests";
			sourceTree = "<group>";
		};
		D419C37A269AB94A00070EDA /* Quantity MeasurementUITests */ = {
			isa = PBXGroup;
			children = (
				D419C37B269AB94A00070EDA /* Quantity_MeasurementUITests.swift */,
				D419C37D269AB94A00070EDA /* Info.plist */,
			);
			path = "Quantity MeasurementUITests";
			sourceTree = "<group>";
		};
/* End PBXGroup section */

/* Begin PBXNativeTarget section */
		D419C355269AB94300070EDA /* Quantity Measurement */ = {
			isa = PBXNativeTarget;
			buildConfigurationList = D419C380269AB94A00070EDA /* Build configuration list for PBXNativeTarget "Quantity Measurement" */;
			buildPhases = (
				D419C352269AB94300070EDA /* Sources */,
				D419C353269AB94300070EDA /* Frameworks */,
				D419C354269AB94300070EDA /* Resources */,
			);
			buildRules = (
			);
			dependencies = (
			);
			name = "Quantity Measurement";
			productName = "Quantity Measurement";
			productReference = D419C356269AB94300070EDA /* Quantity Measurement.app */;
			productType = "com.apple.product-type.application";
		};
		D419C36B269AB94A00070EDA /* Quantity MeasurementTests */ = {
			isa = PBXNativeTarget;
			buildConfigurationList = D419C383269AB94A00070EDA /* Build configuration list for PBXNativeTarget "Quantity MeasurementTests" */;
			buildPhases = (
				D419C368269AB94A00070EDA /* Sources */,
				D419C369269AB94A00070EDA /* Frameworks */,
				D419C36A269AB94A00070EDA /* Resources */,
			);
			buildRules = (
			);
			dependencies = (
				D419C36E269AB94A00070EDA /* PBXTargetDependency */,
			);
			name = "Quantity MeasurementTests";
			productName = "Quantity MeasurementTests";
			productReference = D419C36C269AB94A00070EDA /* Quantity MeasurementTests.xctest */;
			productType = "com.apple.product-type.bundle.unit-test";
		};
		D419C376269AB94A00070EDA /* Quantity MeasurementUITests */ = {
			isa = PBXNativeTarget;
			buildConfigurationList = D419C386269AB94A00070EDA /* Build configuration list for PBXNativeTarget "Quantity MeasurementUITests" */;
			buildPhases = (
				D419C373269AB94A00070EDA /* Sources */,
				D419C374269AB94A00070EDA /* Frameworks */,
				D419C375269AB94A00070EDA /* Resources */,
			);
			buildRules = (
			);
			dependencies = (
				D419C379269AB94A00070EDA /* PBXTargetDependency */,
			);
			name = "Quantity MeasurementUITests";
			productName = "Quantity MeasurementUITests";
			productReference = D419C377269AB94A00070EDA /* Quantity MeasurementUITests.xctest */;
			productType = "com.apple.product-type.bundle.ui-testing";
		};
/* End PBXNativeTarget section */

/* Begin PBXProject section */
		D419C34E269AB94300070EDA /* Project object */ = {
			isa = PBXProject;
			attributes = {
				LastSwiftUpdateCheck = 1250;
				LastUpgradeCheck = 1250;
				TargetAttributes = {
					D419C355269AB94300070EDA = {
						CreatedOnToolsVersion = 12.5.1;
					};
					D419C36B269AB94A00070EDA = {
						CreatedOnToolsVersion = 12.5.1;
						TestTargetID = D419C355269AB94300070EDA;
					};
					D419C376269AB94A00070EDA = {
						CreatedOnToolsVersion = 12.5.1;
						TestTargetID = D419C355269AB94300070EDA;
					};
				};
			};
			buildConfigurationList = D419C351269AB94300070EDA /* Build configuration list for PBXProject "Quantity Measurement" */;
			compatibilityVersion = "Xcode 9.3";
			developmentRegion = en;
			hasScannedForEncodings = 0;
			knownRegions = (
				en,
				Base,
			);
			mainGroup = D419C34D269AB94300070EDA;
			productRefGroup = D419C357269AB94300070EDA /* Products */;
			projectDirPath = "";
			projectRoot = "";
			targets = (
				D419C355269AB94300070EDA /* Quantity Measurement */,
				D419C36B269AB94A00070EDA /* Quantity MeasurementTests */,
				D419C376269AB94A00070EDA /* Quantity MeasurementUITests */,
			);
		};
/* End PBXProject section */

/* Begin PBXResourcesBuildPhase section */
		D419C354269AB94300070EDA /* Resources */ = {
			isa = PBXResourcesBuildPhase;
			buildActionMask = 2147483647;
			files = (
				D419C366269AB94900070EDA /* LaunchScreen.storyboard in Resources */,
				D419C363269AB94900070EDA /* Assets.xcassets in Resources */,
				D419C361269AB94300070EDA /* Main.storyboard in Resources */,
			);
			runOnlyForDeploymentPostprocessing = 0;
		};
		D419C36A269AB94A00070EDA /* Resources */ = {
			isa = PBXResourcesBuildPhase;
			buildActionMask = 2147483647;
			files = (
			);
			runOnlyForDeploymentPostprocessing = 0;
		};
		D419C375269AB94A00070EDA /* Resources */ = {
			isa = PBXResourcesBuildPhase;
			buildActionMask = 2147483647;
			files = (
			);
			runOnlyForDeploymentPostprocessing = 0;
		};
/* End PBXResourcesBuildPhase section */

/* Begin PBXSourcesBuildPhase section */
		D419C352269AB94300070EDA /* Sources */ = {
			isa = PBXSourcesBuildPhase;
			buildActionMask = 2147483647;
			files = (
				D419C35E269AB94300070EDA /* ViewController.swift in Sources */,
				D419C35A269AB94300070EDA /* AppDelegate.swift in Sources */,
				D419C35C269AB94300070EDA /* SceneDelegate.swift in Sources */,
			);
			runOnlyForDeploymentPostprocessing = 0;
		};
		D419C368269AB94A00070EDA /* Sources */ = {
			isa = PBXSourcesBuildPhase;
			buildActionMask = 2147483647;
			files = (
				D419C371269AB94A00070EDA /* Quantity_MeasurementTests.swift in Sources */,
			);
			runOnlyForDeploymentPostprocessing = 0;
		};
		D419C373269AB94A00070EDA /* Sources */ = {
			isa = PBXSourcesBuildPhase;
			buildActionMask = 2147483647;
			files = (
				D419C37C269AB94A00070EDA /* Quantity_MeasurementUITests.swift in Sources */,
			);
			runOnlyForDeploymentPostprocessing = 0;
		};
/* End PBXSourcesBuildPhase section */

/* Begin PBXTargetDependency section */
		D419C36E269AB94A00070EDA /* PBXTargetDependency */ = {
			isa = PBXTargetDependency;
			target = D419C355269AB94300070EDA /* Quantity Measurement */;
			targetProxy = D419C36D269AB94A00070EDA /* PBXContainerItemProxy */;
		};
		D419C379269AB94A00070EDA /* PBXTargetDependency */ = {
			isa = PBXTargetDependency;
			target = D419C355269AB94300070EDA /* Quantity Measurement */;
			targetProxy = D419C378269AB94A00070EDA /* PBXContainerItemProxy */;
		};
/* End PBXTargetDependency section */

/* Begin PBXVariantGroup section */
		D419C35F269AB94300070EDA /* Main.storyboard */ = {
			isa = PBXVariantGroup;
			children = (
				D419C360269AB94300070EDA /* Base */,
			);
			name = Main.storyboard;
			sourceTree = "<group>";
		};
		D419C364269AB94900070EDA /* LaunchScreen.storyboard */ = {
			isa = PBXVariantGroup;
			children = (
				D419C365269AB94900070EDA /* Base */,
			);
			name = LaunchScreen.storyboard;
			sourceTree = "<group>";
		};
/* End PBXVariantGroup section */

/* Begin XCBuildConfiguration section */
		D419C37E269AB94A00070EDA /* Debug */ = {
			isa = XCBuildConfiguration;
			buildSettings = {
				ALWAYS_SEARCH_USER_PATHS = NO;
				CLANG_ANALYZER_NONNULL = YES;
				CLANG_ANALYZER_NUMBER_OBJECT_CONVERSION = YES_AGGRESSIVE;
				CLANG_CXX_LANGUAGE_STANDARD = "gnu++14";
				CLANG_CXX_LIBRARY = "libc++";
				CLANG_ENABLE_MODULES = YES;
				CLANG_ENABLE_OBJC_ARC = YES;
				CLANG_ENABLE_OBJC_WEAK = YES;
				CLANG_WARN_BLOCK_CAPTURE_AUTORELEASING = YES;
				CLANG_WARN_BOOL_CONVERSION = YES;
				CLANG_WARN_COMMA = YES;
				CLANG_WARN_CONSTANT_CONVERSION = YES;
				CLANG_WARN_DEPRECATED_OBJC_IMPLEMENTATIONS = YES;
				CLANG_WARN_DIRECT_OBJC_ISA_USAGE = YES_ERROR;
				CLANG_WARN_DOCUMENTATION_COMMENTS = YES;
				CLANG_WARN_EMPTY_BODY = YES;
				CLANG_WARN_ENUM_CONVERSION = YES;
				CLANG_WARN_INFINITE_RECURSION = YES;
				CLANG_WARN_INT_CONVERSION = YES;
				CLANG_WARN_NON_LITERAL_NULL_CONVERSION = YES;
				CLANG_WARN_OBJC_IMPLICIT_RETAIN_SELF = YES;
				CLANG_WARN_OBJC_LITERAL_CONVERSION = YES;
				CLANG_WARN_OBJC_ROOT_CLASS = YES_ERROR;
				CLANG_WARN_QUOTED_INCLUDE_IN_FRAMEWORK_HEADER = YES;
				CLANG_WARN_RANGE_LOOP_ANALYSIS = YES;
				CLANG_WARN_STRICT_PROTOTYPES = YES;
				CLANG_WARN_SUSPICIOUS_MOVE = YES;
				CLANG_WARN_UNGUARDED_AVAILABILITY = YES_AGGRESSIVE;
				CLANG_WARN_UNREACHABLE_CODE = YES;
				CLANG_WARN__DUPLICATE_METHOD_MATCH = YES;
				COPY_PHASE_STRIP = NO;
				DEBUG_INFORMATION_FORMAT = dwarf;
				ENABLE_STRICT_OBJC_MSGSEND = YES;
				ENABLE_TESTABILITY = YES;
				GCC_C_LANGUAGE_STANDARD = gnu11;
				GCC_DYNAMIC_NO_PIC = NO;
				GCC_NO_COMMON_BLOCKS = YES;
				GCC_OPTIMIZATION_LEVEL = 0;
				GCC_PREPROCESSOR_DEFINITIONS = (
					"DEBUG=1",
					"$(inherited)",
				);
				GCC_WARN_64_TO_32_BIT_CONVERSION = YES;
				GCC_WARN_ABOUT_RETURN_TYPE = YES_ERROR;
				GCC_WARN_UNDECLARED_SELECTOR = YES;
				GCC_WARN_UNINITIALIZED_AUTOS = YES_AGGRESSIVE;
				GCC_WARN_UNUSED_FUNCTION = YES;
				GCC_WARN_UNUSED_VARIABLE = YES;
				IPHONEOS_DEPLOYMENT_TARGET = 14.5;
				MTL_ENABLE_DEBUG_INFO = INCLUDE_SOURCE;
				MTL_FAST_MATH = YES;
				ONLY_ACTIVE_ARCH = YES;
				SDKROOT = iphoneos;
				SWIFT_ACTIVE_COMPILATION_CONDITIONS = DEBUG;
				SWIFT_OPTIMIZATION_LEVEL = "-Onone";
			};
			name = Debug;
		};
		D419C37F269AB94A00070EDA /* Release */ = {
			isa = XCBuildConfiguration;
			buildSettings = {
				ALWAYS_SEARCH_USER_PATHS = NO;
				CLANG_ANALYZER_NONNULL = YES;
				CLANG_ANALYZER_NUMBER_OBJECT_CONVERSION = YES_AGGRESSIVE;
				CLANG_CXX_LANGUAGE_STANDARD = "gnu++14";
				CLANG_CXX_LIBRARY = "libc++";
				CLANG_ENABLE_MODULES = YES;
				CLANG_ENABLE_OBJC_ARC = YES;
				CLANG_ENABLE_OBJC_WEAK = YES;
				CLANG_WARN_BLOCK_CAPTURE_AUTORELEASING = YES;
				CLANG_WARN_BOOL_CONVERSION = YES;
				CLANG_WARN_COMMA = YES;
				CLANG_WARN_CONSTANT_CONVERSION = YES;
				CLANG_WARN_DEPRECATED_OBJC_IMPLEMENTATIONS = YES;
				CLANG_WARN_DIRECT_OBJC_ISA_USAGE = YES_ERROR;
				CLANG_WARN_DOCUMENTATION_COMMENTS = YES;
				CLANG_WARN_EMPTY_BODY = YES;
				CLANG_WARN_ENUM_CONVERSION = YES;
				CLANG_WARN_INFINITE_RECURSION = YES;
				CLANG_WARN_INT_CONVERSION = YES;
				CLANG_WARN_NON_LITERAL_NULL_CONVERSION = YES;
				CLANG_WARN_OBJC_IMPLICIT_RETAIN_SELF = YES;
				CLANG_WARN_OBJC_LITERAL_CONVERSION = YES;
				CLANG_WARN_OBJC_ROOT_CLASS = YES_ERROR;
				CLANG_WARN_QUOTED_INCLUDE_IN_FRAMEWORK_HEADER = YES;
				CLANG_WARN_RANGE_LOOP_ANALYSIS = YES;
				CLANG_WARN_STRICT_PROTOTYPES = YES;
				CLANG_WARN_SUSPICIOUS_MOVE = YES;
				CLANG_WARN_UNGUARDED_AVAILABILITY = YES_AGGRESSIVE;
				CLANG_WARN_UNREACHABLE_CODE = YES;
				CLANG_WARN__DUPLICATE_METHOD_MATCH = YES;
				COPY_PHASE_STRIP = NO;
				DEBUG_INFORMATION_FORMAT = "dwarf-with-dsym";
				ENABLE_NS_ASSERTIONS = NO;
				ENABLE_STRICT_OBJC_MSGSEND = YES;
				GCC_C_LANGUAGE_STANDARD = gnu11;
				GCC_NO_COMMON_BLOCKS = YES;
				GCC_WARN_64_TO_32_BIT_CONVERSION = YES;
				GCC_WARN_ABOUT_RETURN_TYPE = YES_ERROR;
				GCC_WARN_UNDECLARED_SELECTOR = YES;
				GCC_WARN_UNINITIALIZED_AUTOS = YES_AGGRESSIVE;
				GCC_WARN_UNUSED_FUNCTION = YES;
				GCC_WARN_UNUSED_VARIABLE = YES;
				IPHONEOS_DEPLOYMENT_TARGET = 14.5;
				MTL_ENABLE_DEBUG_INFO = NO;
				MTL_FAST_MATH = YES;
				SDKROOT = iphoneos;
				SWIFT_COMPILATION_MODE = wholemodule;
				SWIFT_OPTIMIZATION_LEVEL = "-O";
				VALIDATE_PRODUCT = YES;
			};
			name = Release;
		};
		D419C381269AB94A00070EDA /* Debug */ = {
			isa = XCBuildConfiguration;
			buildSettings = {
				ASSETCATALOG_COMPILER_APPICON_NAME = AppIcon;
				ASSETCATALOG_COMPILER_GLOBAL_ACCENT_COLOR_NAME = AccentColor;
				CODE_SIGN_STYLE = Automatic;
				INFOPLIST_FILE = "Quantity Measurement/Info.plist";
				LD_RUNPATH_SEARCH_PATHS = (
					"$(inherited)",
					"@executable_path/Frameworks",
				);
				PRODUCT_BUNDLE_IDENTIFIER = "com.Bridgelabz.Quantity-Measurement";
				PRODUCT_NAME = "$(TARGET_NAME)";
				SWIFT_VERSION = 5.0;
				TARGETED_DEVICE_FAMILY = "1,2";
			};
			name = Debug;
		};
		D419C382269AB94A00070EDA /* Release */ = {
			isa = XCBuildConfiguration;
			buildSettings = {
				ASSETCATALOG_COMPILER_APPICON_NAME = AppIcon;
				ASSETCATALOG_COMPILER_GLOBAL_ACCENT_COLOR_NAME = AccentColor;
				CODE_SIGN_STYLE = Automatic;
				INFOPLIST_FILE = "Quantity Measurement/Info.plist";
				LD_RUNPATH_SEARCH_PATHS = (
					"$(inherited)",
					"@executable_path/Frameworks",
				);
				PRODUCT_BUNDLE_IDENTIFIER = "com.Bridgelabz.Quantity-Measurement";
				PRODUCT_NAME = "$(TARGET_NAME)";
				SWIFT_VERSION = 5.0;
				TARGETED_DEVICE_FAMILY = "1,2";
			};
			name = Release;
		};
		D419C384269AB94A00070EDA /* Debug */ = {
			isa = XCBuildConfiguration;
			buildSettings = {
				ALWAYS_EMBED_SWIFT_STANDARD_LIBRARIES = YES;
				BUNDLE_LOADER = "$(TEST_HOST)";
				CODE_SIGN_STYLE = Automatic;
				INFOPLIST_FILE = "Quantity MeasurementTests/Info.plist";
				IPHONEOS_DEPLOYMENT_TARGET = 14.5;
				LD_RUNPATH_SEARCH_PATHS = (
					"$(inherited)",
					"@executable_path/Frameworks",
					"@loader_path/Frameworks",
				);
				PRODUCT_BUNDLE_IDENTIFIER = "com.Bridgelabz.Quantity-MeasurementTests";
				PRODUCT_NAME = "$(TARGET_NAME)";
				SWIFT_VERSION = 5.0;
				TARGETED_DEVICE_FAMILY = "1,2";
				TEST_HOST = "$(BUILT_PRODUCTS_DIR)/Quantity Measurement.app/Quantity Measurement";
			};
			name = Debug;
		};
		D419C385269AB94A00070EDA /* Release */ = {
			isa = XCBuildConfiguration;
			buildSettings = {
				ALWAYS_EMBED_SWIFT_STANDARD_LIBRARIES = YES;
				BUNDLE_LOADER = "$(TEST_HOST)";
				CODE_SIGN_STYLE = Automatic;
				INFOPLIST_FILE = "Quantity MeasurementTests/Info.plist";
				IPHONEOS_DEPLOYMENT_TARGET = 14.5;
				LD_RUNPATH_SEARCH_PATHS = (
					"$(inherited)",
					"@executable_path/Frameworks",
					"@loader_path/Frameworks",
				);
				PRODUCT_BUNDLE_IDENTIFIER = "com.Bridgelabz.Quantity-MeasurementTests";
				PRODUCT_NAME = "$(TARGET_NAME)";
				SWIFT_VERSION = 5.0;
				TARGETED_DEVICE_FAMILY = "1,2";
				TEST_HOST = "$(BUILT_PRODUCTS_DIR)/Quantity Measurement.app/Quantity Measurement";
			};
			name = Release;
		};
		D419C387269AB94A00070EDA /* Debug */ = {
			isa = XCBuildConfiguration;
			buildSettings = {
				ALWAYS_EMBED_SWIFT_STANDARD_LIBRARIES = YES;
				CODE_SIGN_STYLE = Automatic;
				INFOPLIST_FILE = "Quantity MeasurementUITests/Info.plist";
				LD_RUNPATH_SEARCH_PATHS = (
					"$(inherited)",
					"@executable_path/Frameworks",
					"@loader_path/Frameworks",
				);
				PRODUCT_BUNDLE_IDENTIFIER = "com.Bridgelabz.Quantity-MeasurementUITests";
				PRODUCT_NAME = "$(TARGET_NAME)";
				SWIFT_VERSION = 5.0;
				TARGETED_DEVICE_FAMILY = "1,2";
				TEST_TARGET_NAME = "Quantity Measurement";
			};
			name = Debug;
		};
		D419C388269AB94A00070EDA /* Release */ = {
			isa = XCBuildConfiguration;
			buildSettings = {
				ALWAYS_EMBED_SWIFT_STANDARD_LIBRARIES = YES;
				CODE_SIGN_STYLE = Automatic;
				INFOPLIST_FILE = "Quantity MeasurementUITests/Info.plist";
				LD_RUNPATH_SEARCH_PATHS = (
					"$(inherited)",
					"@executable_path/Frameworks",
					"@loader_path/Frameworks",
				);
				PRODUCT_BUNDLE_IDENTIFIER = "com.Bridgelabz.Quantity-MeasurementUITests";
				PRODUCT_NAME = "$(TARGET_NAME)";
				SWIFT_VERSION = 5.0;
				TARGETED_DEVICE_FAMILY = "1,2";
				TEST_TARGET_NAME = "Quantity Measurement";
			};
			name = Release;
		};
/* End XCBuildConfiguration section */

/* Begin XCConfigurationList section */
		D419C351269AB94300070EDA /* Build configuration list for PBXProject "Quantity Measurement" */ = {
			isa = XCConfigurationList;
			buildConfigurations = (
				D419C37E269AB94A00070EDA /* Debug */,
				D419C37F269AB94A00070EDA /* Release */,
			);
			defaultConfigurationIsVisible = 0;
			defaultConfigurationName = Release;
		};
		D419C380269AB94A00070EDA /* Build configuration list for PBXNativeTarget "Quantity Measurement" */ = {
			isa = XCConfigurationList;
			buildConfigurations = (
				D419C381269AB94A00070EDA /* Debug */,
				D419C382269AB94A00070EDA /* Release */,
			);
			defaultConfigurationIsVisible = 0;
			defaultConfigurationName = Release;
		};
		D419C383269AB94A00070EDA /* Build configuration list for PBXNativeTarget "Quantity MeasurementTests" */ = {
			isa = XCConfigurationList;
			buildConfigurations = (
				D419C384269AB94A00070EDA /* Debug */,
				D419C385269AB94A00070EDA /* Release */,
			);
			defaultConfigurationIsVisible = 0;
			defaultConfigurationName = Release;
		};
		D419C386269AB94A00070EDA /* Build configuration list for PBXNativeTarget "Quantity MeasurementUITests" */ = {
			isa = XCConfigurationList;
			buildConfigurations = (
				D419C387269AB94A00070EDA /* Debug */,
				D419C388269AB94A00070EDA /* Release */,
			);
			defaultConfigurationIsVisible = 0;
			defaultConfigurationName = Release;
		};
/* End XCConfigurationList section */
	};
	rootObject = D419C34E269AB94300070EDA /* Project object */;
}
